// !$*UTF8*$!
{
	archiveVersion = 1;
	classes = {
	};
	objectVersion = 55;
	objects = {

/* Begin PBXBuildFile section */
		9987D7D0285525D4004C4C2C /* CityWeatherModel.swift in Sources */ = {isa = PBXBuildFile; fileRef = 9987D7CF285525D4004C4C2C /* CityWeatherModel.swift */; };
		9987D7D22855351D004C4C2C /* DailyModel.swift in Sources */ = {isa = PBXBuildFile; fileRef = 9987D7D12855351D004C4C2C /* DailyModel.swift */; };
		9987D7D42855376D004C4C2C /* FeelsLikeModel.swift in Sources */ = {isa = PBXBuildFile; fileRef = 9987D7D32855376D004C4C2C /* FeelsLikeModel.swift */; };
		9987D7D62855389F004C4C2C /* TempModel.swift in Sources */ = {isa = PBXBuildFile; fileRef = 9987D7D52855389F004C4C2C /* TempModel.swift */; };
		9987D7D8285538D6004C4C2C /* WeatherModel.swift in Sources */ = {isa = PBXBuildFile; fileRef = 9987D7D7285538D6004C4C2C /* WeatherModel.swift */; };
		9987D7DA28553B97004C4C2C /* CurrentModel.swift in Sources */ = {isa = PBXBuildFile; fileRef = 9987D7D928553B97004C4C2C /* CurrentModel.swift */; };
		9987D7DC285550BB004C4C2C /* WeatherAPIManager.swift in Sources */ = {isa = PBXBuildFile; fileRef = 9987D7DB285550BB004C4C2C /* WeatherAPIManager.swift */; };
		9987D7DE2857D6B8004C4C2C /* SearchModel.swift in Sources */ = {isa = PBXBuildFile; fileRef = 9987D7DD2857D6B8004C4C2C /* SearchModel.swift */; };
		9987D7E02857D6D8004C4C2C /* CityModel.swift in Sources */ = {isa = PBXBuildFile; fileRef = 9987D7DF2857D6D8004C4C2C /* CityModel.swift */; };
		99BC0868284979C1007F5CE3 /* AppDelegate.swift in Sources */ = {isa = PBXBuildFile; fileRef = 99BC0867284979C1007F5CE3 /* AppDelegate.swift */; };
		99BC086A284979C1007F5CE3 /* SceneDelegate.swift in Sources */ = {isa = PBXBuildFile; fileRef = 99BC0869284979C1007F5CE3 /* SceneDelegate.swift */; };
		99BC086C284979C1007F5CE3 /* ViewController.swift in Sources */ = {isa = PBXBuildFile; fileRef = 99BC086B284979C1007F5CE3 /* ViewController.swift */; };
		99BC086F284979C1007F5CE3 /* Main.storyboard in Resources */ = {isa = PBXBuildFile; fileRef = 99BC086D284979C1007F5CE3 /* Main.storyboard */; };
		99BC0871284979C2007F5CE3 /* Assets.xcassets in Resources */ = {isa = PBXBuildFile; fileRef = 99BC0870284979C2007F5CE3 /* Assets.xcassets */; };
		99BC0874284979C2007F5CE3 /* LaunchScreen.storyboard in Resources */ = {isa = PBXBuildFile; fileRef = 99BC0872284979C2007F5CE3 /* LaunchScreen.storyboard */; };
/* End PBXBuildFile section */

/* Begin PBXFileReference section */
		9987D7CF285525D4004C4C2C /* CityWeatherModel.swift */ = {isa = PBXFileReference; lastKnownFileType = sourcecode.swift; path = CityWeatherModel.swift; sourceTree = "<group>"; };
		9987D7D12855351D004C4C2C /* DailyModel.swift */ = {isa = PBXFileReference; lastKnownFileType = sourcecode.swift; path = DailyModel.swift; sourceTree = "<group>"; };
		9987D7D32855376D004C4C2C /* FeelsLikeModel.swift */ = {isa = PBXFileReference; lastKnownFileType = sourcecode.swift; path = FeelsLikeModel.swift; sourceTree = "<group>"; };
		9987D7D52855389F004C4C2C /* TempModel.swift */ = {isa = PBXFileReference; lastKnownFileType = sourcecode.swift; path = TempModel.swift; sourceTree = "<group>"; };
		9987D7D7285538D6004C4C2C /* WeatherModel.swift */ = {isa = PBXFileReference; lastKnownFileType = sourcecode.swift; path = WeatherModel.swift; sourceTree = "<group>"; };
		9987D7D928553B97004C4C2C /* CurrentModel.swift */ = {isa = PBXFileReference; lastKnownFileType = sourcecode.swift; path = CurrentModel.swift; sourceTree = "<group>"; };
		9987D7DB285550BB004C4C2C /* WeatherAPIManager.swift */ = {isa = PBXFileReference; lastKnownFileType = sourcecode.swift; path = WeatherAPIManager.swift; sourceTree = "<group>"; };
		9987D7DD2857D6B8004C4C2C /* SearchModel.swift */ = {isa = PBXFileReference; lastKnownFileType = sourcecode.swift; path = SearchModel.swift; sourceTree = "<group>"; };
		9987D7DF2857D6D8004C4C2C /* CityModel.swift */ = {isa = PBXFileReference; lastKnownFileType = sourcecode.swift; path = CityModel.swift; sourceTree = "<group>"; };
		99BC0864284979C1007F5CE3 /* OpenWeatherApp.app */ = {isa = PBXFileReference; explicitFileType = wrapper.application; includeInIndex = 0; path = OpenWeatherApp.app; sourceTree = BUILT_PRODUCTS_DIR; };
		99BC0867284979C1007F5CE3 /* AppDelegate.swift */ = {isa = PBXFileReference; lastKnownFileType = sourcecode.swift; path = AppDelegate.swift; sourceTree = "<group>"; };
		99BC0869284979C1007F5CE3 /* SceneDelegate.swift */ = {isa = PBXFileReference; lastKnownFileType = sourcecode.swift; path = SceneDelegate.swift; sourceTree = "<group>"; };
		99BC086B284979C1007F5CE3 /* ViewController.swift */ = {isa = PBXFileReference; lastKnownFileType = sourcecode.swift; path = ViewController.swift; sourceTree = "<group>"; };
		99BC086E284979C1007F5CE3 /* Base */ = {isa = PBXFileReference; lastKnownFileType = file.storyboard; name = Base; path = Base.lproj/Main.storyboard; sourceTree = "<group>"; };
		99BC0870284979C2007F5CE3 /* Assets.xcassets */ = {isa = PBXFileReference; lastKnownFileType = folder.assetcatalog; path = Assets.xcassets; sourceTree = "<group>"; };
		99BC0873284979C2007F5CE3 /* Base */ = {isa = PBXFileReference; lastKnownFileType = file.storyboard; name = Base; path = Base.lproj/LaunchScreen.storyboard; sourceTree = "<group>"; };
		99BC0875284979C2007F5CE3 /* Info.plist */ = {isa = PBXFileReference; lastKnownFileType = text.plist.xml; path = Info.plist; sourceTree = "<group>"; };
/* End PBXFileReference section */

/* Begin PBXFrameworksBuildPhase section */
		99BC0861284979C1007F5CE3 /* Frameworks */ = {
			isa = PBXFrameworksBuildPhase;
			buildActionMask = 2147483647;
			files = (
			);
			runOnlyForDeploymentPostprocessing = 0;
		};
/* End PBXFrameworksBuildPhase section */

/* Begin PBXGroup section */
		9987D7CD28552317004C4C2C /* Managers */ = {
			isa = PBXGroup;
			children = (
				9987D7DB285550BB004C4C2C /* WeatherAPIManager.swift */,
			);
			path = Managers;
			sourceTree = "<group>";
		};
		9987D7CE2855231F004C4C2C /* Models */ = {
			isa = PBXGroup;
			children = (
				9987D7CF285525D4004C4C2C /* CityWeatherModel.swift */,
				9987D7D12855351D004C4C2C /* DailyModel.swift */,
				9987D7D32855376D004C4C2C /* FeelsLikeModel.swift */,
				9987D7D52855389F004C4C2C /* TempModel.swift */,
				9987D7D7285538D6004C4C2C /* WeatherModel.swift */,
				9987D7D928553B97004C4C2C /* CurrentModel.swift */,
				9987D7DD2857D6B8004C4C2C /* SearchModel.swift */,
				9987D7DF2857D6D8004C4C2C /* CityModel.swift */,
			);
			path = Models;
			sourceTree = "<group>";
		};
		99BC085B284979C1007F5CE3 = {
			isa = PBXGroup;
			children = (
				99BC0866284979C1007F5CE3 /* OpenWeatherApp */,
				99BC0865284979C1007F5CE3 /* Products */,
			);
			sourceTree = "<group>";
		};
		99BC0865284979C1007F5CE3 /* Products */ = {
			isa = PBXGroup;
			children = (
				99BC0864284979C1007F5CE3 /* OpenWeatherApp.app */,
			);
			name = Products;
			sourceTree = "<group>";
		};
		99BC0866284979C1007F5CE3 /* OpenWeatherApp */ = {
			isa = PBXGroup;
			children = (
				9987D7CE2855231F004C4C2C /* Models */,
				9987D7CD28552317004C4C2C /* Managers */,
				99BC0867284979C1007F5CE3 /* AppDelegate.swift */,
				99BC0869284979C1007F5CE3 /* SceneDelegate.swift */,
				99BC086B284979C1007F5CE3 /* ViewController.swift */,
				99BC086D284979C1007F5CE3 /* Main.storyboard */,
				99BC0870284979C2007F5CE3 /* Assets.xcassets */,
				99BC0872284979C2007F5CE3 /* LaunchScreen.storyboard */,
				99BC0875284979C2007F5CE3 /* Info.plist */,
			);
			path = OpenWeatherApp;
			sourceTree = "<group>";
		};
/* End PBXGroup section */

/* Begin PBXNativeTarget section */
		99BC0863284979C1007F5CE3 /* OpenWeatherApp */ = {
			isa = PBXNativeTarget;
			buildConfigurationList = 99BC0878284979C2007F5CE3 /* Build configuration list for PBXNativeTarget "OpenWeatherApp" */;
			buildPhases = (
				99BC0860284979C1007F5CE3 /* Sources */,
				99BC0861284979C1007F5CE3 /* Frameworks */,
				99BC0862284979C1007F5CE3 /* Resources */,
			);
			buildRules = (
			);
			dependencies = (
			);
			name = OpenWeatherApp;
			productName = OpenWeatherApp;
			productReference = 99BC0864284979C1007F5CE3 /* OpenWeatherApp.app */;
			productType = "com.apple.product-type.application";
		};
/* End PBXNativeTarget section */

/* Begin PBXProject section */
		99BC085C284979C1007F5CE3 /* Project object */ = {
			isa = PBXProject;
			attributes = {
				BuildIndependentTargetsInParallel = 1;
				LastSwiftUpdateCheck = 1330;
				LastUpgradeCheck = 1330;
				TargetAttributes = {
					99BC0863284979C1007F5CE3 = {
						CreatedOnToolsVersion = 13.3;
					};
				};
			};
			buildConfigurationList = 99BC085F284979C1007F5CE3 /* Build configuration list for PBXProject "OpenWeatherApp" */;
			compatibilityVersion = "Xcode 13.0";
			developmentRegion = en;
			hasScannedForEncodings = 0;
			knownRegions = (
				en,
				Base,
			);
			mainGroup = 99BC085B284979C1007F5CE3;
			productRefGroup = 99BC0865284979C1007F5CE3 /* Products */;
			projectDirPath = "";
			projectRoot = "";
			targets = (
				99BC0863284979C1007F5CE3 /* OpenWeatherApp */,
			);
		};
/* End PBXProject section */

/* Begin PBXResourcesBuildPhase section */
		99BC0862284979C1007F5CE3 /* Resources */ = {
			isa = PBXResourcesBuildPhase;
			buildActionMask = 2147483647;
			files = (
				99BC0874284979C2007F5CE3 /* LaunchScreen.storyboard in Resources */,
				99BC0871284979C2007F5CE3 /* Assets.xcassets in Resources */,
				99BC086F284979C1007F5CE3 /* Main.storyboard in Resources */,
			);
			runOnlyForDeploymentPostprocessing = 0;
		};
/* End PBXResourcesBuildPhase section */

/* Begin PBXSourcesBuildPhase section */
		99BC0860284979C1007F5CE3 /* Sources */ = {
			isa = PBXSourcesBuildPhase;
			buildActionMask = 2147483647;
			files = (
				99BC086C284979C1007F5CE3 /* ViewController.swift in Sources */,
				9987D7D62855389F004C4C2C /* TempModel.swift in Sources */,
				9987D7DA28553B97004C4C2C /* CurrentModel.swift in Sources */,
				9987D7DC285550BB004C4C2C /* WeatherAPIManager.swift in Sources */,
				9987D7D22855351D004C4C2C /* DailyModel.swift in Sources */,
				99BC0868284979C1007F5CE3 /* AppDelegate.swift in Sources */,
				9987D7DE2857D6B8004C4C2C /* SearchModel.swift in Sources */,
				9987D7D0285525D4004C4C2C /* CityWeatherModel.swift in Sources */,
				9987D7E02857D6D8004C4C2C /* CityModel.swift in Sources */,
				9987D7D42855376D004C4C2C /* FeelsLikeModel.swift in Sources */,
				9987D7D8285538D6004C4C2C /* WeatherModel.swift in Sources */,
				99BC086A284979C1007F5CE3 /* SceneDelegate.swift in Sources */,
			);
			runOnlyForDeploymentPostprocessing = 0;
		};
/* End PBXSourcesBuildPhase section */

/* Begin PBXVariantGroup section */
		99BC086D284979C1007F5CE3 /* Main.storyboard */ = {
			isa = PBXVariantGroup;
			children = (
				99BC086E284979C1007F5CE3 /* Base */,
			);
			name = Main.storyboard;
			sourceTree = "<group>";
		};
		99BC0872284979C2007F5CE3 /* LaunchScreen.storyboard */ = {
			isa = PBXVariantGroup;
			children = (
				99BC0873284979C2007F5CE3 /* Base */,
			);
			name = LaunchScreen.storyboard;
			sourceTree = "<group>";
		};
/* End PBXVariantGroup section */

/* Begin XCBuildConfiguration section */
		99BC0876284979C2007F5CE3 /* Debug */ = {
			isa = XCBuildConfiguration;
			buildSettings = {
				ALWAYS_SEARCH_USER_PATHS = NO;
				CLANG_ANALYZER_NONNULL = YES;
				CLANG_ANALYZER_NUMBER_OBJECT_CONVERSION = YES_AGGRESSIVE;
				CLANG_CXX_LANGUAGE_STANDARD = "gnu++17";
				CLANG_ENABLE_MODULES = YES;
				CLANG_ENABLE_OBJC_ARC = YES;
				CLANG_ENABLE_OBJC_WEAK = YES;
				CLANG_WARN_BLOCK_CAPTURE_AUTORELEASING = YES;
				CLANG_WARN_BOOL_CONVERSION = YES;
				CLANG_WARN_COMMA = YES;
				CLANG_WARN_CONSTANT_CONVERSION = YES;
				CLANG_WARN_DEPRECATED_OBJC_IMPLEMENTATIONS = YES;
				CLANG_WARN_DIRECT_OBJC_ISA_USAGE = YES_ERROR;
				CLANG_WARN_DOCUMENTATION_COMMENTS = YES;
				CLANG_WARN_EMPTY_BODY = YES;
				CLANG_WARN_ENUM_CONVERSION = YES;
				CLANG_WARN_INFINITE_RECURSION = YES;
				CLANG_WARN_INT_CONVERSION = YES;
				CLANG_WARN_NON_LITERAL_NULL_CONVERSION = YES;
				CLANG_WARN_OBJC_IMPLICIT_RETAIN_SELF = YES;
				CLANG_WARN_OBJC_LITERAL_CONVERSION = YES;
				CLANG_WARN_OBJC_ROOT_CLASS = YES_ERROR;
				CLANG_WARN_QUOTED_INCLUDE_IN_FRAMEWORK_HEADER = YES;
				CLANG_WARN_RANGE_LOOP_ANALYSIS = YES;
				CLANG_WARN_STRICT_PROTOTYPES = YES;
				CLANG_WARN_SUSPICIOUS_MOVE = YES;
				CLANG_WARN_UNGUARDED_AVAILABILITY = YES_AGGRESSIVE;
				CLANG_WARN_UNREACHABLE_CODE = YES;
				CLANG_WARN__DUPLICATE_METHOD_MATCH = YES;
				COPY_PHASE_STRIP = NO;
				DEBUG_INFORMATION_FORMAT = dwarf;
				ENABLE_STRICT_OBJC_MSGSEND = YES;
				ENABLE_TESTABILITY = YES;
				GCC_C_LANGUAGE_STANDARD = gnu11;
				GCC_DYNAMIC_NO_PIC = NO;
				GCC_NO_COMMON_BLOCKS = YES;
				GCC_OPTIMIZATION_LEVEL = 0;
				GCC_PREPROCESSOR_DEFINITIONS = (
					"DEBUG=1",
					"$(inherited)",
				);
				GCC_WARN_64_TO_32_BIT_CONVERSION = YES;
				GCC_WARN_ABOUT_RETURN_TYPE = YES_ERROR;
				GCC_WARN_UNDECLARED_SELECTOR = YES;
				GCC_WARN_UNINITIALIZED_AUTOS = YES_AGGRESSIVE;
				GCC_WARN_UNUSED_FUNCTION = YES;
				GCC_WARN_UNUSED_VARIABLE = YES;
				IPHONEOS_DEPLOYMENT_TARGET = 15.4;
				MTL_ENABLE_DEBUG_INFO = INCLUDE_SOURCE;
				MTL_FAST_MATH = YES;
				ONLY_ACTIVE_ARCH = YES;
				SDKROOT = iphoneos;
				SWIFT_ACTIVE_COMPILATION_CONDITIONS = DEBUG;
				SWIFT_OPTIMIZATION_LEVEL = "-Onone";
			};
			name = Debug;
		};
		99BC0877284979C2007F5CE3 /* Release */ = {
			isa = XCBuildConfiguration;
			buildSettings = {
				ALWAYS_SEARCH_USER_PATHS = NO;
				CLANG_ANALYZER_NONNULL = YES;
				CLANG_ANALYZER_NUMBER_OBJECT_CONVERSION = YES_AGGRESSIVE;
				CLANG_CXX_LANGUAGE_STANDARD = "gnu++17";
				CLANG_ENABLE_MODULES = YES;
				CLANG_ENABLE_OBJC_ARC = YES;
				CLANG_ENABLE_OBJC_WEAK = YES;
				CLANG_WARN_BLOCK_CAPTURE_AUTORELEASING = YES;
				CLANG_WARN_BOOL_CONVERSION = YES;
				CLANG_WARN_COMMA = YES;
				CLANG_WARN_CONSTANT_CONVERSION = YES;
				CLANG_WARN_DEPRECATED_OBJC_IMPLEMENTATIONS = YES;
				CLANG_WARN_DIRECT_OBJC_ISA_USAGE = YES_ERROR;
				CLANG_WARN_DOCUMENTATION_COMMENTS = YES;
				CLANG_WARN_EMPTY_BODY = YES;
				CLANG_WARN_ENUM_CONVERSION = YES;
				CLANG_WARN_INFINITE_RECURSION = YES;
				CLANG_WARN_INT_CONVERSION = YES;
				CLANG_WARN_NON_LITERAL_NULL_CONVERSION = YES;
				CLANG_WARN_OBJC_IMPLICIT_RETAIN_SELF = YES;
				CLANG_WARN_OBJC_LITERAL_CONVERSION = YES;
				CLANG_WARN_OBJC_ROOT_CLASS = YES_ERROR;
				CLANG_WARN_QUOTED_INCLUDE_IN_FRAMEWORK_HEADER = YES;
				CLANG_WARN_RANGE_LOOP_ANALYSIS = YES;
				CLANG_WARN_STRICT_PROTOTYPES = YES;
				CLANG_WARN_SUSPICIOUS_MOVE = YES;
				CLANG_WARN_UNGUARDED_AVAILABILITY = YES_AGGRESSIVE;
				CLANG_WARN_UNREACHABLE_CODE = YES;
				CLANG_WARN__DUPLICATE_METHOD_MATCH = YES;
				COPY_PHASE_STRIP = NO;
				DEBUG_INFORMATION_FORMAT = "dwarf-with-dsym";
				ENABLE_NS_ASSERTIONS = NO;
				ENABLE_STRICT_OBJC_MSGSEND = YES;
				GCC_C_LANGUAGE_STANDARD = gnu11;
				GCC_NO_COMMON_BLOCKS = YES;
				GCC_WARN_64_TO_32_BIT_CONVERSION = YES;
				GCC_WARN_ABOUT_RETURN_TYPE = YES_ERROR;
				GCC_WARN_UNDECLARED_SELECTOR = YES;
				GCC_WARN_UNINITIALIZED_AUTOS = YES_AGGRESSIVE;
				GCC_WARN_UNUSED_FUNCTION = YES;
				GCC_WARN_UNUSED_VARIABLE = YES;
				IPHONEOS_DEPLOYMENT_TARGET = 15.4;
				MTL_ENABLE_DEBUG_INFO = NO;
				MTL_FAST_MATH = YES;
				SDKROOT = iphoneos;
				SWIFT_COMPILATION_MODE = wholemodule;
				SWIFT_OPTIMIZATION_LEVEL = "-O";
				VALIDATE_PRODUCT = YES;
			};
			name = Release;
		};
		99BC0879284979C2007F5CE3 /* Debug */ = {
			isa = XCBuildConfiguration;
			buildSettings = {
				ASSETCATALOG_COMPILER_APPICON_NAME = AppIcon;
				ASSETCATALOG_COMPILER_GLOBAL_ACCENT_COLOR_NAME = AccentColor;
				CODE_SIGN_STYLE = Automatic;
				CURRENT_PROJECT_VERSION = 1;
				DEVELOPMENT_TEAM = 6R3NRG42L4;
				GENERATE_INFOPLIST_FILE = YES;
				INFOPLIST_FILE = OpenWeatherApp/Info.plist;
				INFOPLIST_KEY_UIApplicationSupportsIndirectInputEvents = YES;
				INFOPLIST_KEY_UILaunchStoryboardName = LaunchScreen;
				INFOPLIST_KEY_UIMainStoryboardFile = Main;
				INFOPLIST_KEY_UISupportedInterfaceOrientations_iPad = "UIInterfaceOrientationPortrait UIInterfaceOrientationPortraitUpsideDown UIInterfaceOrientationLandscapeLeft UIInterfaceOrientationLandscapeRight";
				INFOPLIST_KEY_UISupportedInterfaceOrientations_iPhone = "UIInterfaceOrientationPortrait UIInterfaceOrientationLandscapeLeft UIInterfaceOrientationLandscapeRight";
				LD_RUNPATH_SEARCH_PATHS = (
					"$(inherited)",
					"@executable_path/Frameworks",
				);
				MARKETING_VERSION = 1.0;
				PRODUCT_BUNDLE_IDENTIFIER = tms.OpenWeatherApp;
				PRODUCT_NAME = "$(TARGET_NAME)";
				SWIFT_EMIT_LOC_STRINGS = YES;
				SWIFT_VERSION = 5.0;
				TARGETED_DEVICE_FAMILY = "1,2";
			};
			name = Debug;
		};
		99BC087A284979C2007F5CE3 /* Release */ = {
			isa = XCBuildConfiguration;
			buildSettings = {
				ASSETCATALOG_COMPILER_APPICON_NAME = AppIcon;
				ASSETCATALOG_COMPILER_GLOBAL_ACCENT_COLOR_NAME = AccentColor;
				CODE_SIGN_STYLE = Automatic;
				CURRENT_PROJECT_VERSION = 1;
				DEVELOPMENT_TEAM = 6R3NRG42L4;
				GENERATE_INFOPLIST_FILE = YES;
				INFOPLIST_FILE = OpenWeatherApp/Info.plist;
				INFOPLIST_KEY_UIApplicationSupportsIndirectInputEvents = YES;
				INFOPLIST_KEY_UILaunchStoryboardName = LaunchScreen;
				INFOPLIST_KEY_UIMainStoryboardFile = Main;
				INFOPLIST_KEY_UISupportedInterfaceOrientations_iPad = "UIInterfaceOrientationPortrait UIInterfaceOrientationPortraitUpsideDown UIInterfaceOrientationLandscapeLeft UIInterfaceOrientationLandscapeRight";
				INFOPLIST_KEY_UISupportedInterfaceOrientations_iPhone = "UIInterfaceOrientationPortrait UIInterfaceOrientationLandscapeLeft UIInterfaceOrientationLandscapeRight";
				LD_RUNPATH_SEARCH_PATHS = (
					"$(inherited)",
					"@executable_path/Frameworks",
				);
				MARKETING_VERSION = 1.0;
				PRODUCT_BUNDLE_IDENTIFIER = tms.OpenWeatherApp;
				PRODUCT_NAME = "$(TARGET_NAME)";
				SWIFT_EMIT_LOC_STRINGS = YES;
				SWIFT_VERSION = 5.0;
				TARGETED_DEVICE_FAMILY = "1,2";
			};
			name = Release;
		};
/* End XCBuildConfiguration section */

/* Begin XCConfigurationList section */
		99BC085F284979C1007F5CE3 /* Build configuration list for PBXProject "OpenWeatherApp" */ = {
			isa = XCConfigurationList;
			buildConfigurations = (
				99BC0876284979C2007F5CE3 /* Debug */,
				99BC0877284979C2007F5CE3 /* Release */,
			);
			defaultConfigurationIsVisible = 0;
			defaultConfigurationName = Release;
		};
		99BC0878284979C2007F5CE3 /* Build configuration list for PBXNativeTarget "OpenWeatherApp" */ = {
			isa = XCConfigurationList;
			buildConfigurations = (
				99BC0879284979C2007F5CE3 /* Debug */,
				99BC087A284979C2007F5CE3 /* Release */,
			);
			defaultConfigurationIsVisible = 0;
			defaultConfigurationName = Release;
		};
/* End XCConfigurationList section */
	};
	rootObject = 99BC085C284979C1007F5CE3 /* Project object */;
}
